
Microsoft Visual Studio Solution File, Format Version 12.00
# Visual Studio 14
VisualStudioVersion = 14.0.25420.1
MinimumVisualStudioVersion = 10.0.40219.1
Project("{8BC9CEB8-8B4A-11D0-8D11-00A0C91BC942}") = "cuNN", "cuNN\cuNN.vcxproj", "{D0E45ECB-9D0D-4CD4-BED9-12602DF91ED9}"
	ProjectSection(ProjectDependencies) = postProject
		{579C5067-0D60-4B9B-93C2-532C49483F34} = {579C5067-0D60-4B9B-93C2-532C49483F34}
		{FD512483-F780-4F51-89E8-754AD36F7F20} = {FD512483-F780-4F51-89E8-754AD36F7F20}
		{F78A699B-3F1F-4A3D-9DE1-4070221F40BC} = {F78A699B-3F1F-4A3D-9DE1-4070221F40BC}
		{EDE1D4BF-A838-40B5-B022-FF99CA0A93E2} = {EDE1D4BF-A838-40B5-B022-FF99CA0A93E2}
	EndProjectSection
EndProject
Project("{8BC9CEB8-8B4A-11D0-8D11-00A0C91BC942}") = "Client", "Client\Client.vcxproj", "{52C10A87-0476-481B-9E90-2DA4F56B84C9}"
	ProjectSection(ProjectDependencies) = postProject
		{48D3AE88-9883-42C2-BF97-679F8F8D7477} = {48D3AE88-9883-42C2-BF97-679F8F8D7477}
	EndProjectSection
EndProject
Project("{2150E333-8FDC-42A3-9474-1A3956D46DE8}") = "Solution Items", "Solution Items", "{4EDE13D5-1CEC-448E-9CE7-32986CE4CE31}"
	ProjectSection(SolutionItems) = preProject
		CommonEnv.h = CommonEnv.h
		CommonEnv00.h = CommonEnv00.h
		CommonEnv10.h = CommonEnv10.h
	EndProjectSection
EndProject
Project("{8BC9CEB8-8B4A-11D0-8D11-00A0C91BC942}") = "OraUtils", "OraUtils\OraUtils.vcxproj", "{0C5B056C-F33D-4BA0-8572-AC1E3DEF3FBD}"
EndProject
Project("{8BC9CEB8-8B4A-11D0-8D11-00A0C91BC942}") = "MyAlgebra", "MyAlgebra\MyAlgebra.vcxproj", "{EDE1D4BF-A838-40B5-B022-FF99CA0A93E2}"
	ProjectSection(ProjectDependencies) = postProject
		{4579EEB8-1D8C-40D7-9641-1F78E9DDD32E} = {4579EEB8-1D8C-40D7-9641-1F78E9DDD32E}
	EndProjectSection
EndProject
Project("{8BC9CEB8-8B4A-11D0-8D11-00A0C91BC942}") = "MyCU", "MyCU\MyCU.vcxproj", "{4579EEB8-1D8C-40D7-9641-1F78E9DDD32E}"
EndProject
Project("{8BC9CEB8-8B4A-11D0-8D11-00A0C91BC942}") = "Logger", "Logger\Logger.vcxproj", "{2FA796DB-3BDD-4EBB-8CE1-8E165395264A}"
	ProjectSection(ProjectDependencies) = postProject
		{0C5B056C-F33D-4BA0-8572-AC1E3DEF3FBD} = {0C5B056C-F33D-4BA0-8572-AC1E3DEF3FBD}
		{614E9BC9-61BA-450B-8993-4AF3F2C6CBBD} = {614E9BC9-61BA-450B-8993-4AF3F2C6CBBD}
	EndProjectSection
EndProject
Project("{8BC9CEB8-8B4A-11D0-8D11-00A0C91BC942}") = "TimeSerie", "TimeSerie\TimeSerie.vcxproj", "{579C5067-0D60-4B9B-93C2-532C49483F34}"
	ProjectSection(ProjectDependencies) = postProject
		{0C5B056C-F33D-4BA0-8572-AC1E3DEF3FBD} = {0C5B056C-F33D-4BA0-8572-AC1E3DEF3FBD}
		{614E9BC9-61BA-450B-8993-4AF3F2C6CBBD} = {614E9BC9-61BA-450B-8993-4AF3F2C6CBBD}
	EndProjectSection
EndProject
Project("{8BC9CEB8-8B4A-11D0-8D11-00A0C91BC942}") = "Forecaster", "Forecaster\Forecaster.vcxproj", "{48D3AE88-9883-42C2-BF97-679F8F8D7477}"
	ProjectSection(ProjectDependencies) = postProject
		{6B9A6530-BEC8-4628-9092-4995AFF10AAF} = {6B9A6530-BEC8-4628-9092-4995AFF10AAF}
		{FD512483-F780-4F51-89E8-754AD36F7F20} = {FD512483-F780-4F51-89E8-754AD36F7F20}
		{07152385-57C7-4182-AC11-11CBC888A723} = {07152385-57C7-4182-AC11-11CBC888A723}
		{2FA796DB-3BDD-4EBB-8CE1-8E165395264A} = {2FA796DB-3BDD-4EBB-8CE1-8E165395264A}
	EndProjectSection
EndProject
Project("{8BC9CEB8-8B4A-11D0-8D11-00A0C91BC942}") = "core", "Core\core.vcxproj", "{F78A699B-3F1F-4A3D-9DE1-4070221F40BC}"
	ProjectSection(ProjectDependencies) = postProject
		{1AAD3007-81AD-41D8-9044-AE99D5E9358F} = {1AAD3007-81AD-41D8-9044-AE99D5E9358F}
		{FD512483-F780-4F51-89E8-754AD36F7F20} = {FD512483-F780-4F51-89E8-754AD36F7F20}
		{07152385-57C7-4182-AC11-11CBC888A723} = {07152385-57C7-4182-AC11-11CBC888A723}
	EndProjectSection
EndProject
Project("{8BC9CEB8-8B4A-11D0-8D11-00A0C91BC942}") = "Engine", "Engine\Engine.vcxproj", "{6B9A6530-BEC8-4628-9092-4995AFF10AAF}"
	ProjectSection(ProjectDependencies) = postProject
		{1AAD3007-81AD-41D8-9044-AE99D5E9358F} = {1AAD3007-81AD-41D8-9044-AE99D5E9358F}
		{FD512483-F780-4F51-89E8-754AD36F7F20} = {FD512483-F780-4F51-89E8-754AD36F7F20}
		{07152385-57C7-4182-AC11-11CBC888A723} = {07152385-57C7-4182-AC11-11CBC888A723}
		{F78A699B-3F1F-4A3D-9DE1-4070221F40BC} = {F78A699B-3F1F-4A3D-9DE1-4070221F40BC}
		{D0E45ECB-9D0D-4CD4-BED9-12602DF91ED9} = {D0E45ECB-9D0D-4CD4-BED9-12602DF91ED9}
	EndProjectSection
EndProject
Project("{8BC9CEB8-8B4A-11D0-8D11-00A0C91BC942}") = "Data", "Data\Data.vcxproj", "{FD512483-F780-4F51-89E8-754AD36F7F20}"
	ProjectSection(ProjectDependencies) = postProject
		{579C5067-0D60-4B9B-93C2-532C49483F34} = {579C5067-0D60-4B9B-93C2-532C49483F34}
	EndProjectSection
EndProject
Project("{8BC9CEB8-8B4A-11D0-8D11-00A0C91BC942}") = "Debugger", "Debugger\Debugger.vcxproj", "{1AAD3007-81AD-41D8-9044-AE99D5E9358F}"
	ProjectSection(ProjectDependencies) = postProject
		{72AFD829-9419-401D-9B8D-CEACC96B7C70} = {72AFD829-9419-401D-9B8D-CEACC96B7C70}
		{4C1B2EAD-2366-48BC-B596-5855FAA71930} = {4C1B2EAD-2366-48BC-B596-5855FAA71930}
	EndProjectSection
EndProject
Project("{8BC9CEB8-8B4A-11D0-8D11-00A0C91BC942}") = "ParamMgr", "ParamMgr\ParamMgr.vcxproj", "{07152385-57C7-4182-AC11-11CBC888A723}"
	ProjectSection(ProjectDependencies) = postProject
		{1AAD3007-81AD-41D8-9044-AE99D5E9358F} = {1AAD3007-81AD-41D8-9044-AE99D5E9358F}
	EndProjectSection
EndProject
Project("{8BC9CEB8-8B4A-11D0-8D11-00A0C91BC942}") = "Utils", "Utils\Utils.vcxproj", "{72AFD829-9419-401D-9B8D-CEACC96B7C70}"
EndProject
Project("{8BC9CEB8-8B4A-11D0-8D11-00A0C91BC942}") = "FileInfo", "FileInfo\FileInfo.vcxproj", "{4C1B2EAD-2366-48BC-B596-5855FAA71930}"
	ProjectSection(ProjectDependencies) = postProject
		{72AFD829-9419-401D-9B8D-CEACC96B7C70} = {72AFD829-9419-401D-9B8D-CEACC96B7C70}
	EndProjectSection
EndProject
Project("{8BC9CEB8-8B4A-11D0-8D11-00A0C91BC942}") = "DBConnection", "DBConnection\DBConnection.vcxproj", "{6D8A3FE3-46F1-47F8-B201-5E733732D091}"
	ProjectSection(ProjectDependencies) = postProject
		{1AAD3007-81AD-41D8-9044-AE99D5E9358F} = {1AAD3007-81AD-41D8-9044-AE99D5E9358F}
		{07152385-57C7-4182-AC11-11CBC888A723} = {07152385-57C7-4182-AC11-11CBC888A723}
	EndProjectSection
EndProject
Project("{8BC9CEB8-8B4A-11D0-8D11-00A0C91BC942}") = "DataSource", "DataSource\DataSource.vcxproj", "{614E9BC9-61BA-450B-8993-4AF3F2C6CBBD}"
	ProjectSection(ProjectDependencies) = postProject
		{6D8A3FE3-46F1-47F8-B201-5E733732D091} = {6D8A3FE3-46F1-47F8-B201-5E733732D091}
	EndProjectSection
EndProject
Project("{8BC9CEB8-8B4A-11D0-8D11-00A0C91BC942}") = "kaz", "kaz\kaz.vcxproj", "{07700D9B-6D71-4307-AA8D-59E4505CD8A6}"
	ProjectSection(ProjectDependencies) = postProject
		{1AAD3007-81AD-41D8-9044-AE99D5E9358F} = {1AAD3007-81AD-41D8-9044-AE99D5E9358F}
		{07152385-57C7-4182-AC11-11CBC888A723} = {07152385-57C7-4182-AC11-11CBC888A723}
		{4C1B2EAD-2366-48BC-B596-5855FAA71930} = {4C1B2EAD-2366-48BC-B596-5855FAA71930}
	EndProjectSection
EndProject
Global
	GlobalSection(SolutionConfigurationPlatforms) = preSolution
		Debug|x64 = Debug|x64
		Debug|x86 = Debug|x86
		No_Orcl|x64 = No_Orcl|x64
		No_Orcl|x86 = No_Orcl|x86
		Release|x64 = Release|x64
		Release|x86 = Release|x86
	EndGlobalSection
	GlobalSection(ProjectConfigurationPlatforms) = postSolution
		{D0E45ECB-9D0D-4CD4-BED9-12602DF91ED9}.Debug|x64.ActiveCfg = Debug|x64
		{D0E45ECB-9D0D-4CD4-BED9-12602DF91ED9}.Debug|x64.Build.0 = Debug|x64
		{D0E45ECB-9D0D-4CD4-BED9-12602DF91ED9}.Debug|x86.ActiveCfg = Debug|Win32
		{D0E45ECB-9D0D-4CD4-BED9-12602DF91ED9}.Debug|x86.Build.0 = Debug|Win32
		{D0E45ECB-9D0D-4CD4-BED9-12602DF91ED9}.No_Orcl|x64.ActiveCfg = Release|x64
		{D0E45ECB-9D0D-4CD4-BED9-12602DF91ED9}.No_Orcl|x64.Build.0 = Release|x64
		{D0E45ECB-9D0D-4CD4-BED9-12602DF91ED9}.No_Orcl|x86.ActiveCfg = Release|Win32
		{D0E45ECB-9D0D-4CD4-BED9-12602DF91ED9}.No_Orcl|x86.Build.0 = Release|Win32
		{D0E45ECB-9D0D-4CD4-BED9-12602DF91ED9}.Release|x64.ActiveCfg = Release|x64
		{D0E45ECB-9D0D-4CD4-BED9-12602DF91ED9}.Release|x64.Build.0 = Release|x64
		{D0E45ECB-9D0D-4CD4-BED9-12602DF91ED9}.Release|x86.ActiveCfg = Release|Win32
		{D0E45ECB-9D0D-4CD4-BED9-12602DF91ED9}.Release|x86.Build.0 = Release|Win32
		{52C10A87-0476-481B-9E90-2DA4F56B84C9}.Debug|x64.ActiveCfg = Debug|x64
		{52C10A87-0476-481B-9E90-2DA4F56B84C9}.Debug|x64.Build.0 = Debug|x64
		{52C10A87-0476-481B-9E90-2DA4F56B84C9}.Debug|x86.ActiveCfg = Debug|Win32
		{52C10A87-0476-481B-9E90-2DA4F56B84C9}.Debug|x86.Build.0 = Debug|Win32
		{52C10A87-0476-481B-9E90-2DA4F56B84C9}.No_Orcl|x64.ActiveCfg = Release|x64
		{52C10A87-0476-481B-9E90-2DA4F56B84C9}.No_Orcl|x64.Build.0 = Release|x64
		{52C10A87-0476-481B-9E90-2DA4F56B84C9}.No_Orcl|x86.ActiveCfg = Release|Win32
		{52C10A87-0476-481B-9E90-2DA4F56B84C9}.No_Orcl|x86.Build.0 = Release|Win32
		{52C10A87-0476-481B-9E90-2DA4F56B84C9}.Release|x64.ActiveCfg = Release|x64
		{52C10A87-0476-481B-9E90-2DA4F56B84C9}.Release|x64.Build.0 = Release|x64
		{52C10A87-0476-481B-9E90-2DA4F56B84C9}.Release|x86.ActiveCfg = Release|Win32
		{52C10A87-0476-481B-9E90-2DA4F56B84C9}.Release|x86.Build.0 = Release|Win32
		{0C5B056C-F33D-4BA0-8572-AC1E3DEF3FBD}.Debug|x64.ActiveCfg = Debug|x64
		{0C5B056C-F33D-4BA0-8572-AC1E3DEF3FBD}.Debug|x64.Build.0 = Debug|x64
		{0C5B056C-F33D-4BA0-8572-AC1E3DEF3FBD}.Debug|x86.ActiveCfg = Debug|Win32
		{0C5B056C-F33D-4BA0-8572-AC1E3DEF3FBD}.Debug|x86.Build.0 = Debug|Win32
		{0C5B056C-F33D-4BA0-8572-AC1E3DEF3FBD}.No_Orcl|x64.ActiveCfg = Release|x64
		{0C5B056C-F33D-4BA0-8572-AC1E3DEF3FBD}.No_Orcl|x64.Build.0 = Release|x64
		{0C5B056C-F33D-4BA0-8572-AC1E3DEF3FBD}.No_Orcl|x86.ActiveCfg = Release|Win32
		{0C5B056C-F33D-4BA0-8572-AC1E3DEF3FBD}.No_Orcl|x86.Build.0 = Release|Win32
		{0C5B056C-F33D-4BA0-8572-AC1E3DEF3FBD}.Release|x64.ActiveCfg = Release|x64
		{0C5B056C-F33D-4BA0-8572-AC1E3DEF3FBD}.Release|x64.Build.0 = Release|x64
		{0C5B056C-F33D-4BA0-8572-AC1E3DEF3FBD}.Release|x86.ActiveCfg = Release|Win32
		{0C5B056C-F33D-4BA0-8572-AC1E3DEF3FBD}.Release|x86.Build.0 = Release|Win32
		{EDE1D4BF-A838-40B5-B022-FF99CA0A93E2}.Debug|x64.ActiveCfg = Debug|x64
		{EDE1D4BF-A838-40B5-B022-FF99CA0A93E2}.Debug|x64.Build.0 = Debug|x64
		{EDE1D4BF-A838-40B5-B022-FF99CA0A93E2}.Debug|x86.ActiveCfg = Debug|Win32
		{EDE1D4BF-A838-40B5-B022-FF99CA0A93E2}.Debug|x86.Build.0 = Debug|Win32
		{EDE1D4BF-A838-40B5-B022-FF99CA0A93E2}.No_Orcl|x64.ActiveCfg = Release|x64
		{EDE1D4BF-A838-40B5-B022-FF99CA0A93E2}.No_Orcl|x64.Build.0 = Release|x64
		{EDE1D4BF-A838-40B5-B022-FF99CA0A93E2}.No_Orcl|x86.ActiveCfg = Release|Win32
		{EDE1D4BF-A838-40B5-B022-FF99CA0A93E2}.No_Orcl|x86.Build.0 = Release|Win32
		{EDE1D4BF-A838-40B5-B022-FF99CA0A93E2}.Release|x64.ActiveCfg = Release|x64
		{EDE1D4BF-A838-40B5-B022-FF99CA0A93E2}.Release|x64.Build.0 = Release|x64
		{EDE1D4BF-A838-40B5-B022-FF99CA0A93E2}.Release|x86.ActiveCfg = Release|Win32
		{EDE1D4BF-A838-40B5-B022-FF99CA0A93E2}.Release|x86.Build.0 = Release|Win32
		{4579EEB8-1D8C-40D7-9641-1F78E9DDD32E}.Debug|x64.ActiveCfg = Debug|x64
		{4579EEB8-1D8C-40D7-9641-1F78E9DDD32E}.Debug|x64.Build.0 = Debug|x64
		{4579EEB8-1D8C-40D7-9641-1F78E9DDD32E}.Debug|x86.ActiveCfg = Debug|x64
		{4579EEB8-1D8C-40D7-9641-1F78E9DDD32E}.No_Orcl|x64.ActiveCfg = Release|x64
		{4579EEB8-1D8C-40D7-9641-1F78E9DDD32E}.No_Orcl|x64.Build.0 = Release|x64
		{4579EEB8-1D8C-40D7-9641-1F78E9DDD32E}.No_Orcl|x86.ActiveCfg = Release|x64
		{4579EEB8-1D8C-40D7-9641-1F78E9DDD32E}.No_Orcl|x86.Build.0 = Release|x64
		{4579EEB8-1D8C-40D7-9641-1F78E9DDD32E}.Release|x64.ActiveCfg = Release|x64
		{4579EEB8-1D8C-40D7-9641-1F78E9DDD32E}.Release|x64.Build.0 = Release|x64
		{4579EEB8-1D8C-40D7-9641-1F78E9DDD32E}.Release|x86.ActiveCfg = Release|x64
		{2FA796DB-3BDD-4EBB-8CE1-8E165395264A}.Debug|x64.ActiveCfg = Debug|x64
		{2FA796DB-3BDD-4EBB-8CE1-8E165395264A}.Debug|x64.Build.0 = Debug|x64
		{2FA796DB-3BDD-4EBB-8CE1-8E165395264A}.Debug|x86.ActiveCfg = Debug|Win32
		{2FA796DB-3BDD-4EBB-8CE1-8E165395264A}.Debug|x86.Build.0 = Debug|Win32
		{2FA796DB-3BDD-4EBB-8CE1-8E165395264A}.No_Orcl|x64.ActiveCfg = Release|x64
		{2FA796DB-3BDD-4EBB-8CE1-8E165395264A}.No_Orcl|x64.Build.0 = Release|x64
		{2FA796DB-3BDD-4EBB-8CE1-8E165395264A}.No_Orcl|x86.ActiveCfg = Release|Win32
		{2FA796DB-3BDD-4EBB-8CE1-8E165395264A}.No_Orcl|x86.Build.0 = Release|Win32
		{2FA796DB-3BDD-4EBB-8CE1-8E165395264A}.Release|x64.ActiveCfg = Release|x64
		{2FA796DB-3BDD-4EBB-8CE1-8E165395264A}.Release|x64.Build.0 = Release|x64
		{2FA796DB-3BDD-4EBB-8CE1-8E165395264A}.Release|x86.ActiveCfg = Release|Win32
		{2FA796DB-3BDD-4EBB-8CE1-8E165395264A}.Release|x86.Build.0 = Release|Win32
		{579C5067-0D60-4B9B-93C2-532C49483F34}.Debug|x64.ActiveCfg = Debug|x64
		{579C5067-0D60-4B9B-93C2-532C49483F34}.Debug|x64.Build.0 = Debug|x64
		{579C5067-0D60-4B9B-93C2-532C49483F34}.Debug|x86.ActiveCfg = Debug|Win32
		{579C5067-0D60-4B9B-93C2-532C49483F34}.Debug|x86.Build.0 = Debug|Win32
		{579C5067-0D60-4B9B-93C2-532C49483F34}.No_Orcl|x64.ActiveCfg = Release|x64
		{579C5067-0D60-4B9B-93C2-532C49483F34}.No_Orcl|x64.Build.0 = Release|x64
		{579C5067-0D60-4B9B-93C2-532C49483F34}.No_Orcl|x86.ActiveCfg = Release|Win32
		{579C5067-0D60-4B9B-93C2-532C49483F34}.No_Orcl|x86.Build.0 = Release|Win32
		{579C5067-0D60-4B9B-93C2-532C49483F34}.Release|x64.ActiveCfg = Release|x64
		{579C5067-0D60-4B9B-93C2-532C49483F34}.Release|x64.Build.0 = Release|x64
		{579C5067-0D60-4B9B-93C2-532C49483F34}.Release|x86.ActiveCfg = Release|Win32
		{579C5067-0D60-4B9B-93C2-532C49483F34}.Release|x86.Build.0 = Release|Win32
		{48D3AE88-9883-42C2-BF97-679F8F8D7477}.Debug|x64.ActiveCfg = Debug|x64
		{48D3AE88-9883-42C2-BF97-679F8F8D7477}.Debug|x64.Build.0 = Debug|x64
		{48D3AE88-9883-42C2-BF97-679F8F8D7477}.Debug|x86.ActiveCfg = Debug|Win32
		{48D3AE88-9883-42C2-BF97-679F8F8D7477}.Debug|x86.Build.0 = Debug|Win32
		{48D3AE88-9883-42C2-BF97-679F8F8D7477}.No_Orcl|x64.ActiveCfg = Release|x64
		{48D3AE88-9883-42C2-BF97-679F8F8D7477}.No_Orcl|x64.Build.0 = Release|x64
		{48D3AE88-9883-42C2-BF97-679F8F8D7477}.No_Orcl|x86.ActiveCfg = Release|Win32
		{48D3AE88-9883-42C2-BF97-679F8F8D7477}.No_Orcl|x86.Build.0 = Release|Win32
		{48D3AE88-9883-42C2-BF97-679F8F8D7477}.Release|x64.ActiveCfg = Release|x64
		{48D3AE88-9883-42C2-BF97-679F8F8D7477}.Release|x64.Build.0 = Release|x64
		{48D3AE88-9883-42C2-BF97-679F8F8D7477}.Release|x86.ActiveCfg = Release|Win32
		{48D3AE88-9883-42C2-BF97-679F8F8D7477}.Release|x86.Build.0 = Release|Win32
		{F78A699B-3F1F-4A3D-9DE1-4070221F40BC}.Debug|x64.ActiveCfg = Debug|x64
		{F78A699B-3F1F-4A3D-9DE1-4070221F40BC}.Debug|x64.Build.0 = Debug|x64
		{F78A699B-3F1F-4A3D-9DE1-4070221F40BC}.Debug|x86.ActiveCfg = Debug|Win32
		{F78A699B-3F1F-4A3D-9DE1-4070221F40BC}.Debug|x86.Build.0 = Debug|Win32
		{F78A699B-3F1F-4A3D-9DE1-4070221F40BC}.No_Orcl|x64.ActiveCfg = Release|x64
		{F78A699B-3F1F-4A3D-9DE1-4070221F40BC}.No_Orcl|x64.Build.0 = Release|x64
		{F78A699B-3F1F-4A3D-9DE1-4070221F40BC}.No_Orcl|x86.ActiveCfg = Release|Win32
		{F78A699B-3F1F-4A3D-9DE1-4070221F40BC}.No_Orcl|x86.Build.0 = Release|Win32
		{F78A699B-3F1F-4A3D-9DE1-4070221F40BC}.Release|x64.ActiveCfg = Release|x64
		{F78A699B-3F1F-4A3D-9DE1-4070221F40BC}.Release|x64.Build.0 = Release|x64
		{F78A699B-3F1F-4A3D-9DE1-4070221F40BC}.Release|x86.ActiveCfg = Release|Win32
		{F78A699B-3F1F-4A3D-9DE1-4070221F40BC}.Release|x86.Build.0 = Release|Win32
		{6B9A6530-BEC8-4628-9092-4995AFF10AAF}.Debug|x64.ActiveCfg = Debug|x64
		{6B9A6530-BEC8-4628-9092-4995AFF10AAF}.Debug|x64.Build.0 = Debug|x64
		{6B9A6530-BEC8-4628-9092-4995AFF10AAF}.Debug|x86.ActiveCfg = Debug|Win32
		{6B9A6530-BEC8-4628-9092-4995AFF10AAF}.Debug|x86.Build.0 = Debug|Win32
		{6B9A6530-BEC8-4628-9092-4995AFF10AAF}.No_Orcl|x64.ActiveCfg = Release|x64
		{6B9A6530-BEC8-4628-9092-4995AFF10AAF}.No_Orcl|x64.Build.0 = Release|x64
		{6B9A6530-BEC8-4628-9092-4995AFF10AAF}.No_Orcl|x86.ActiveCfg = Release|Win32
		{6B9A6530-BEC8-4628-9092-4995AFF10AAF}.No_Orcl|x86.Build.0 = Release|Win32
		{6B9A6530-BEC8-4628-9092-4995AFF10AAF}.Release|x64.ActiveCfg = Release|x64
		{6B9A6530-BEC8-4628-9092-4995AFF10AAF}.Release|x64.Build.0 = Release|x64
		{6B9A6530-BEC8-4628-9092-4995AFF10AAF}.Release|x86.ActiveCfg = Release|Win32
		{6B9A6530-BEC8-4628-9092-4995AFF10AAF}.Release|x86.Build.0 = Release|Win32
		{FD512483-F780-4F51-89E8-754AD36F7F20}.Debug|x64.ActiveCfg = Debug|x64
		{FD512483-F780-4F51-89E8-754AD36F7F20}.Debug|x64.Build.0 = Debug|x64
		{FD512483-F780-4F51-89E8-754AD36F7F20}.Debug|x86.ActiveCfg = Debug|Win32
		{FD512483-F780-4F51-89E8-754AD36F7F20}.Debug|x86.Build.0 = Debug|Win32
		{FD512483-F780-4F51-89E8-754AD36F7F20}.No_Orcl|x64.ActiveCfg = Release|x64
		{FD512483-F780-4F51-89E8-754AD36F7F20}.No_Orcl|x64.Build.0 = Release|x64
		{FD512483-F780-4F51-89E8-754AD36F7F20}.No_Orcl|x86.ActiveCfg = Release|Win32
		{FD512483-F780-4F51-89E8-754AD36F7F20}.No_Orcl|x86.Build.0 = Release|Win32
		{FD512483-F780-4F51-89E8-754AD36F7F20}.Release|x64.ActiveCfg = Release|x64
		{FD512483-F780-4F51-89E8-754AD36F7F20}.Release|x64.Build.0 = Release|x64
		{FD512483-F780-4F51-89E8-754AD36F7F20}.Release|x86.ActiveCfg = Release|Win32
		{FD512483-F780-4F51-89E8-754AD36F7F20}.Release|x86.Build.0 = Release|Win32
		{1AAD3007-81AD-41D8-9044-AE99D5E9358F}.Debug|x64.ActiveCfg = Debug|x64
		{1AAD3007-81AD-41D8-9044-AE99D5E9358F}.Debug|x64.Build.0 = Debug|x64
		{1AAD3007-81AD-41D8-9044-AE99D5E9358F}.Debug|x86.ActiveCfg = Debug|Win32
		{1AAD3007-81AD-41D8-9044-AE99D5E9358F}.Debug|x86.Build.0 = Debug|Win32
		{1AAD3007-81AD-41D8-9044-AE99D5E9358F}.No_Orcl|x64.ActiveCfg = Release|x64
		{1AAD3007-81AD-41D8-9044-AE99D5E9358F}.No_Orcl|x64.Build.0 = Release|x64
		{1AAD3007-81AD-41D8-9044-AE99D5E9358F}.No_Orcl|x86.ActiveCfg = Release|Win32
		{1AAD3007-81AD-41D8-9044-AE99D5E9358F}.No_Orcl|x86.Build.0 = Release|Win32
		{1AAD3007-81AD-41D8-9044-AE99D5E9358F}.Release|x64.ActiveCfg = Release|x64
		{1AAD3007-81AD-41D8-9044-AE99D5E9358F}.Release|x64.Build.0 = Release|x64
		{1AAD3007-81AD-41D8-9044-AE99D5E9358F}.Release|x86.ActiveCfg = Release|Win32
		{1AAD3007-81AD-41D8-9044-AE99D5E9358F}.Release|x86.Build.0 = Release|Win32
		{07152385-57C7-4182-AC11-11CBC888A723}.Debug|x64.ActiveCfg = Debug|x64
		{07152385-57C7-4182-AC11-11CBC888A723}.Debug|x64.Build.0 = Debug|x64
		{07152385-57C7-4182-AC11-11CBC888A723}.Debug|x86.ActiveCfg = Debug|Win32
		{07152385-57C7-4182-AC11-11CBC888A723}.Debug|x86.Build.0 = Debug|Win32
		{07152385-57C7-4182-AC11-11CBC888A723}.No_Orcl|x64.ActiveCfg = Release|x64
		{07152385-57C7-4182-AC11-11CBC888A723}.No_Orcl|x64.Build.0 = Release|x64
		{07152385-57C7-4182-AC11-11CBC888A723}.No_Orcl|x86.ActiveCfg = Release|Win32
		{07152385-57C7-4182-AC11-11CBC888A723}.No_Orcl|x86.Build.0 = Release|Win32
		{07152385-57C7-4182-AC11-11CBC888A723}.Release|x64.ActiveCfg = Release|x64
		{07152385-57C7-4182-AC11-11CBC888A723}.Release|x64.Build.0 = Release|x64
		{07152385-57C7-4182-AC11-11CBC888A723}.Release|x86.ActiveCfg = Release|Win32
		{07152385-57C7-4182-AC11-11CBC888A723}.Release|x86.Build.0 = Release|Win32
		{72AFD829-9419-401D-9B8D-CEACC96B7C70}.Debug|x64.ActiveCfg = Debug|x64
		{72AFD829-9419-401D-9B8D-CEACC96B7C70}.Debug|x64.Build.0 = Debug|x64
		{72AFD829-9419-401D-9B8D-CEACC96B7C70}.Debug|x86.ActiveCfg = Debug|Win32
		{72AFD829-9419-401D-9B8D-CEACC96B7C70}.Debug|x86.Build.0 = Debug|Win32
		{72AFD829-9419-401D-9B8D-CEACC96B7C70}.No_Orcl|x64.ActiveCfg = Release|x64
		{72AFD829-9419-401D-9B8D-CEACC96B7C70}.No_Orcl|x64.Build.0 = Release|x64
		{72AFD829-9419-401D-9B8D-CEACC96B7C70}.No_Orcl|x86.ActiveCfg = Release|Win32
		{72AFD829-9419-401D-9B8D-CEACC96B7C70}.No_Orcl|x86.Build.0 = Release|Win32
		{72AFD829-9419-401D-9B8D-CEACC96B7C70}.Release|x64.ActiveCfg = Release|x64
		{72AFD829-9419-401D-9B8D-CEACC96B7C70}.Release|x64.Build.0 = Release|x64
		{72AFD829-9419-401D-9B8D-CEACC96B7C70}.Release|x86.ActiveCfg = Release|Win32
		{72AFD829-9419-401D-9B8D-CEACC96B7C70}.Release|x86.Build.0 = Release|Win32
		{4C1B2EAD-2366-48BC-B596-5855FAA71930}.Debug|x64.ActiveCfg = Debug|x64
		{4C1B2EAD-2366-48BC-B596-5855FAA71930}.Debug|x64.Build.0 = Debug|x64
		{4C1B2EAD-2366-48BC-B596-5855FAA71930}.Debug|x86.ActiveCfg = Debug|Win32
		{4C1B2EAD-2366-48BC-B596-5855FAA71930}.Debug|x86.Build.0 = Debug|Win32
		{4C1B2EAD-2366-48BC-B596-5855FAA71930}.No_Orcl|x64.ActiveCfg = Release|x64
		{4C1B2EAD-2366-48BC-B596-5855FAA71930}.No_Orcl|x64.Build.0 = Release|x64
		{4C1B2EAD-2366-48BC-B596-5855FAA71930}.No_Orcl|x86.ActiveCfg = Release|Win32
		{4C1B2EAD-2366-48BC-B596-5855FAA71930}.No_Orcl|x86.Build.0 = Release|Win32
		{4C1B2EAD-2366-48BC-B596-5855FAA71930}.Release|x64.ActiveCfg = Release|x64
		{4C1B2EAD-2366-48BC-B596-5855FAA71930}.Release|x64.Build.0 = Release|x64
		{4C1B2EAD-2366-48BC-B596-5855FAA71930}.Release|x86.ActiveCfg = Release|Win32
		{4C1B2EAD-2366-48BC-B596-5855FAA71930}.Release|x86.Build.0 = Release|Win32
		{6D8A3FE3-46F1-47F8-B201-5E733732D091}.Debug|x64.ActiveCfg = Debug|x64
		{6D8A3FE3-46F1-47F8-B201-5E733732D091}.Debug|x64.Build.0 = Debug|x64
		{6D8A3FE3-46F1-47F8-B201-5E733732D091}.Debug|x86.ActiveCfg = Debug|Win32
		{6D8A3FE3-46F1-47F8-B201-5E733732D091}.Debug|x86.Build.0 = Debug|Win32
		{6D8A3FE3-46F1-47F8-B201-5E733732D091}.No_Orcl|x64.ActiveCfg = Release|x64
		{6D8A3FE3-46F1-47F8-B201-5E733732D091}.No_Orcl|x64.Build.0 = Release|x64
		{6D8A3FE3-46F1-47F8-B201-5E733732D091}.No_Orcl|x86.ActiveCfg = Release|Win32
		{6D8A3FE3-46F1-47F8-B201-5E733732D091}.No_Orcl|x86.Build.0 = Release|Win32
		{6D8A3FE3-46F1-47F8-B201-5E733732D091}.Release|x64.ActiveCfg = Release|x64
		{6D8A3FE3-46F1-47F8-B201-5E733732D091}.Release|x64.Build.0 = Release|x64
		{6D8A3FE3-46F1-47F8-B201-5E733732D091}.Release|x86.ActiveCfg = Release|Win32
		{6D8A3FE3-46F1-47F8-B201-5E733732D091}.Release|x86.Build.0 = Release|Win32
		{614E9BC9-61BA-450B-8993-4AF3F2C6CBBD}.Debug|x64.ActiveCfg = Debug|x64
		{614E9BC9-61BA-450B-8993-4AF3F2C6CBBD}.Debug|x64.Build.0 = Debug|x64
		{614E9BC9-61BA-450B-8993-4AF3F2C6CBBD}.Debug|x86.ActiveCfg = Debug|Win32
		{614E9BC9-61BA-450B-8993-4AF3F2C6CBBD}.Debug|x86.Build.0 = Debug|Win32
		{614E9BC9-61BA-450B-8993-4AF3F2C6CBBD}.No_Orcl|x64.ActiveCfg = Release|x64
		{614E9BC9-61BA-450B-8993-4AF3F2C6CBBD}.No_Orcl|x64.Build.0 = Release|x64
		{614E9BC9-61BA-450B-8993-4AF3F2C6CBBD}.No_Orcl|x86.ActiveCfg = Release|Win32
		{614E9BC9-61BA-450B-8993-4AF3F2C6CBBD}.No_Orcl|x86.Build.0 = Release|Win32
		{614E9BC9-61BA-450B-8993-4AF3F2C6CBBD}.Release|x64.ActiveCfg = Release|x64
		{614E9BC9-61BA-450B-8993-4AF3F2C6CBBD}.Release|x64.Build.0 = Release|x64
		{614E9BC9-61BA-450B-8993-4AF3F2C6CBBD}.Release|x86.ActiveCfg = Release|Win32
		{614E9BC9-61BA-450B-8993-4AF3F2C6CBBD}.Release|x86.Build.0 = Release|Win32
		{07700D9B-6D71-4307-AA8D-59E4505CD8A6}.Debug|x64.ActiveCfg = Debug|x64
		{07700D9B-6D71-4307-AA8D-59E4505CD8A6}.Debug|x64.Build.0 = Debug|x64
		{07700D9B-6D71-4307-AA8D-59E4505CD8A6}.Debug|x86.ActiveCfg = Debug|Win32
		{07700D9B-6D71-4307-AA8D-59E4505CD8A6}.Debug|x86.Build.0 = Debug|Win32
		{07700D9B-6D71-4307-AA8D-59E4505CD8A6}.No_Orcl|x64.ActiveCfg = Release|x64
		{07700D9B-6D71-4307-AA8D-59E4505CD8A6}.No_Orcl|x64.Build.0 = Release|x64
		{07700D9B-6D71-4307-AA8D-59E4505CD8A6}.No_Orcl|x86.ActiveCfg = Release|Win32
		{07700D9B-6D71-4307-AA8D-59E4505CD8A6}.No_Orcl|x86.Build.0 = Release|Win32
		{07700D9B-6D71-4307-AA8D-59E4505CD8A6}.Release|x64.ActiveCfg = Release|x64
		{07700D9B-6D71-4307-AA8D-59E4505CD8A6}.Release|x64.Build.0 = Release|x64
		{07700D9B-6D71-4307-AA8D-59E4505CD8A6}.Release|x86.ActiveCfg = Release|Win32
		{07700D9B-6D71-4307-AA8D-59E4505CD8A6}.Release|x86.Build.0 = Release|Win32
	EndGlobalSection
	GlobalSection(SolutionProperties) = preSolution
		HideSolutionNode = FALSE
	EndGlobalSection
EndGlobal
