
Microsoft Visual Studio Solution File, Format Version 12.00
# Visual Studio 14
VisualStudioVersion = 14.0.25420.1
MinimumVisualStudioVersion = 10.0.40219.1
Project("{8BC9CEB8-8B4A-11D0-8D11-00A0C91BC942}") = "cuNN", "cuNN\cuNN.vcxproj", "{D0E45ECB-9D0D-4CD4-BED9-12602DF91ED9}"
	ProjectSection(ProjectDependencies) = postProject
		{EDE1D4BF-A838-40B5-B022-FF99CA0A93E2} = {EDE1D4BF-A838-40B5-B022-FF99CA0A93E2}
	EndProjectSection
EndProject
Project("{8BC9CEB8-8B4A-11D0-8D11-00A0C91BC942}") = "Client", "Client\Client.vcxproj", "{52C10A87-0476-481B-9E90-2DA4F56B84C9}"
	ProjectSection(ProjectDependencies) = postProject
		{5E6F766E-BD52-43B1-B006-B2845C9F0947} = {5E6F766E-BD52-43B1-B006-B2845C9F0947}
		{4579EEB8-1D8C-40D7-9641-1F78E9DDD32E} = {4579EEB8-1D8C-40D7-9641-1F78E9DDD32E}
		{EDE1D4BF-A838-40B5-B022-FF99CA0A93E2} = {EDE1D4BF-A838-40B5-B022-FF99CA0A93E2}
		{D0E45ECB-9D0D-4CD4-BED9-12602DF91ED9} = {D0E45ECB-9D0D-4CD4-BED9-12602DF91ED9}
		{2FA796DB-3BDD-4EBB-8CE1-8E165395264A} = {2FA796DB-3BDD-4EBB-8CE1-8E165395264A}
	EndProjectSection
EndProject
Project("{8BC9CEB8-8B4A-11D0-8D11-00A0C91BC942}") = "MyDebug", "MyDebug\MyDebug.vcxproj", "{527E0872-8A44-4D82-8F87-AEBD0AABF3C1}"
EndProject
Project("{8BC9CEB8-8B4A-11D0-8D11-00A0C91BC942}") = "MyTimeSeries", "MyTimeSeries\MyTimeSeries.vcxproj", "{5E6F766E-BD52-43B1-B006-B2845C9F0947}"
	ProjectSection(ProjectDependencies) = postProject
		{DD0F0A37-4355-417A-B021-FDDC57924F54} = {DD0F0A37-4355-417A-B021-FDDC57924F54}
		{0C5B056C-F33D-4BA0-8572-AC1E3DEF3FBD} = {0C5B056C-F33D-4BA0-8572-AC1E3DEF3FBD}
		{527E0872-8A44-4D82-8F87-AEBD0AABF3C1} = {527E0872-8A44-4D82-8F87-AEBD0AABF3C1}
	EndProjectSection
EndProject
Project("{2150E333-8FDC-42A3-9474-1A3956D46DE8}") = "Solution Items", "Solution Items", "{4EDE13D5-1CEC-448E-9CE7-32986CE4CE31}"
	ProjectSection(SolutionItems) = preProject
		CommonEnv.h = CommonEnv.h
		datashape.h = datashape.h
		DBConnection.h = DBConnection.h
		filedata.h = filedata.h
		fxdata.h = fxdata.h
	EndProjectSection
EndProject
Project("{8BC9CEB8-8B4A-11D0-8D11-00A0C91BC942}") = "OraUtils", "OraUtils\OraUtils.vcxproj", "{0C5B056C-F33D-4BA0-8572-AC1E3DEF3FBD}"
	ProjectSection(ProjectDependencies) = postProject
		{DD0F0A37-4355-417A-B021-FDDC57924F54} = {DD0F0A37-4355-417A-B021-FDDC57924F54}
	EndProjectSection
EndProject
Project("{8BC9CEB8-8B4A-11D0-8D11-00A0C91BC942}") = "MyAlgebra", "MyAlgebra\MyAlgebra.vcxproj", "{EDE1D4BF-A838-40B5-B022-FF99CA0A93E2}"
	ProjectSection(ProjectDependencies) = postProject
		{4579EEB8-1D8C-40D7-9641-1F78E9DDD32E} = {4579EEB8-1D8C-40D7-9641-1F78E9DDD32E}
	EndProjectSection
EndProject
Project("{8BC9CEB8-8B4A-11D0-8D11-00A0C91BC942}") = "MyCU", "MyCU\MyCU.vcxproj", "{4579EEB8-1D8C-40D7-9641-1F78E9DDD32E}"
EndProject
Project("{8BC9CEB8-8B4A-11D0-8D11-00A0C91BC942}") = "MyUtils", "MyUtils\MyUtils.vcxproj", "{DD0F0A37-4355-417A-B021-FDDC57924F54}"
EndProject
Project("{8BC9CEB8-8B4A-11D0-8D11-00A0C91BC942}") = "Logger", "Logger\Logger.vcxproj", "{2FA796DB-3BDD-4EBB-8CE1-8E165395264A}"
EndProject
Global
	GlobalSection(SolutionConfigurationPlatforms) = preSolution
		Debug|x64 = Debug|x64
		Debug|x86 = Debug|x86
		No_Orcl|x64 = No_Orcl|x64
		No_Orcl|x86 = No_Orcl|x86
		Release|x64 = Release|x64
		Release|x86 = Release|x86
	EndGlobalSection
	GlobalSection(ProjectConfigurationPlatforms) = postSolution
		{D0E45ECB-9D0D-4CD4-BED9-12602DF91ED9}.Debug|x64.ActiveCfg = Debug|x64
		{D0E45ECB-9D0D-4CD4-BED9-12602DF91ED9}.Debug|x64.Build.0 = Debug|x64
		{D0E45ECB-9D0D-4CD4-BED9-12602DF91ED9}.Debug|x86.ActiveCfg = Debug|Win32
		{D0E45ECB-9D0D-4CD4-BED9-12602DF91ED9}.Debug|x86.Build.0 = Debug|Win32
		{D0E45ECB-9D0D-4CD4-BED9-12602DF91ED9}.No_Orcl|x64.ActiveCfg = Release|x64
		{D0E45ECB-9D0D-4CD4-BED9-12602DF91ED9}.No_Orcl|x64.Build.0 = Release|x64
		{D0E45ECB-9D0D-4CD4-BED9-12602DF91ED9}.No_Orcl|x86.ActiveCfg = Release|Win32
		{D0E45ECB-9D0D-4CD4-BED9-12602DF91ED9}.No_Orcl|x86.Build.0 = Release|Win32
		{D0E45ECB-9D0D-4CD4-BED9-12602DF91ED9}.Release|x64.ActiveCfg = Release|x64
		{D0E45ECB-9D0D-4CD4-BED9-12602DF91ED9}.Release|x64.Build.0 = Release|x64
		{D0E45ECB-9D0D-4CD4-BED9-12602DF91ED9}.Release|x86.ActiveCfg = Release|Win32
		{D0E45ECB-9D0D-4CD4-BED9-12602DF91ED9}.Release|x86.Build.0 = Release|Win32
		{52C10A87-0476-481B-9E90-2DA4F56B84C9}.Debug|x64.ActiveCfg = Debug|x64
		{52C10A87-0476-481B-9E90-2DA4F56B84C9}.Debug|x64.Build.0 = Debug|x64
		{52C10A87-0476-481B-9E90-2DA4F56B84C9}.Debug|x86.ActiveCfg = Debug|Win32
		{52C10A87-0476-481B-9E90-2DA4F56B84C9}.Debug|x86.Build.0 = Debug|Win32
		{52C10A87-0476-481B-9E90-2DA4F56B84C9}.No_Orcl|x64.ActiveCfg = Release|x64
		{52C10A87-0476-481B-9E90-2DA4F56B84C9}.No_Orcl|x64.Build.0 = Release|x64
		{52C10A87-0476-481B-9E90-2DA4F56B84C9}.No_Orcl|x86.ActiveCfg = Release|Win32
		{52C10A87-0476-481B-9E90-2DA4F56B84C9}.No_Orcl|x86.Build.0 = Release|Win32
		{52C10A87-0476-481B-9E90-2DA4F56B84C9}.Release|x64.ActiveCfg = Release|x64
		{52C10A87-0476-481B-9E90-2DA4F56B84C9}.Release|x64.Build.0 = Release|x64
		{52C10A87-0476-481B-9E90-2DA4F56B84C9}.Release|x86.ActiveCfg = Release|Win32
		{52C10A87-0476-481B-9E90-2DA4F56B84C9}.Release|x86.Build.0 = Release|Win32
		{527E0872-8A44-4D82-8F87-AEBD0AABF3C1}.Debug|x64.ActiveCfg = Debug|x64
		{527E0872-8A44-4D82-8F87-AEBD0AABF3C1}.Debug|x64.Build.0 = Debug|x64
		{527E0872-8A44-4D82-8F87-AEBD0AABF3C1}.Debug|x86.ActiveCfg = Debug|Win32
		{527E0872-8A44-4D82-8F87-AEBD0AABF3C1}.Debug|x86.Build.0 = Debug|Win32
		{527E0872-8A44-4D82-8F87-AEBD0AABF3C1}.No_Orcl|x64.ActiveCfg = Release|x64
		{527E0872-8A44-4D82-8F87-AEBD0AABF3C1}.No_Orcl|x64.Build.0 = Release|x64
		{527E0872-8A44-4D82-8F87-AEBD0AABF3C1}.No_Orcl|x86.ActiveCfg = Release|Win32
		{527E0872-8A44-4D82-8F87-AEBD0AABF3C1}.No_Orcl|x86.Build.0 = Release|Win32
		{527E0872-8A44-4D82-8F87-AEBD0AABF3C1}.Release|x64.ActiveCfg = Release|x64
		{527E0872-8A44-4D82-8F87-AEBD0AABF3C1}.Release|x64.Build.0 = Release|x64
		{527E0872-8A44-4D82-8F87-AEBD0AABF3C1}.Release|x86.ActiveCfg = Release|Win32
		{527E0872-8A44-4D82-8F87-AEBD0AABF3C1}.Release|x86.Build.0 = Release|Win32
		{5E6F766E-BD52-43B1-B006-B2845C9F0947}.Debug|x64.ActiveCfg = Debug|x64
		{5E6F766E-BD52-43B1-B006-B2845C9F0947}.Debug|x64.Build.0 = Debug|x64
		{5E6F766E-BD52-43B1-B006-B2845C9F0947}.Debug|x86.ActiveCfg = Debug|Win32
		{5E6F766E-BD52-43B1-B006-B2845C9F0947}.Debug|x86.Build.0 = Debug|Win32
		{5E6F766E-BD52-43B1-B006-B2845C9F0947}.No_Orcl|x64.ActiveCfg = No_Orcl|x64
		{5E6F766E-BD52-43B1-B006-B2845C9F0947}.No_Orcl|x64.Build.0 = No_Orcl|x64
		{5E6F766E-BD52-43B1-B006-B2845C9F0947}.No_Orcl|x86.ActiveCfg = No_Orcl|Win32
		{5E6F766E-BD52-43B1-B006-B2845C9F0947}.No_Orcl|x86.Build.0 = No_Orcl|Win32
		{5E6F766E-BD52-43B1-B006-B2845C9F0947}.Release|x64.ActiveCfg = Release|x64
		{5E6F766E-BD52-43B1-B006-B2845C9F0947}.Release|x64.Build.0 = Release|x64
		{5E6F766E-BD52-43B1-B006-B2845C9F0947}.Release|x86.ActiveCfg = Release|Win32
		{5E6F766E-BD52-43B1-B006-B2845C9F0947}.Release|x86.Build.0 = Release|Win32
		{0C5B056C-F33D-4BA0-8572-AC1E3DEF3FBD}.Debug|x64.ActiveCfg = Debug|x64
		{0C5B056C-F33D-4BA0-8572-AC1E3DEF3FBD}.Debug|x64.Build.0 = Debug|x64
		{0C5B056C-F33D-4BA0-8572-AC1E3DEF3FBD}.Debug|x86.ActiveCfg = Debug|Win32
		{0C5B056C-F33D-4BA0-8572-AC1E3DEF3FBD}.Debug|x86.Build.0 = Debug|Win32
		{0C5B056C-F33D-4BA0-8572-AC1E3DEF3FBD}.No_Orcl|x64.ActiveCfg = Release|x64
		{0C5B056C-F33D-4BA0-8572-AC1E3DEF3FBD}.No_Orcl|x64.Build.0 = Release|x64
		{0C5B056C-F33D-4BA0-8572-AC1E3DEF3FBD}.No_Orcl|x86.ActiveCfg = Release|Win32
		{0C5B056C-F33D-4BA0-8572-AC1E3DEF3FBD}.No_Orcl|x86.Build.0 = Release|Win32
		{0C5B056C-F33D-4BA0-8572-AC1E3DEF3FBD}.Release|x64.ActiveCfg = Release|x64
		{0C5B056C-F33D-4BA0-8572-AC1E3DEF3FBD}.Release|x64.Build.0 = Release|x64
		{0C5B056C-F33D-4BA0-8572-AC1E3DEF3FBD}.Release|x86.ActiveCfg = Release|Win32
		{0C5B056C-F33D-4BA0-8572-AC1E3DEF3FBD}.Release|x86.Build.0 = Release|Win32
		{EDE1D4BF-A838-40B5-B022-FF99CA0A93E2}.Debug|x64.ActiveCfg = Debug|x64
		{EDE1D4BF-A838-40B5-B022-FF99CA0A93E2}.Debug|x64.Build.0 = Debug|x64
		{EDE1D4BF-A838-40B5-B022-FF99CA0A93E2}.Debug|x86.ActiveCfg = Debug|Win32
		{EDE1D4BF-A838-40B5-B022-FF99CA0A93E2}.Debug|x86.Build.0 = Debug|Win32
		{EDE1D4BF-A838-40B5-B022-FF99CA0A93E2}.No_Orcl|x64.ActiveCfg = Release|x64
		{EDE1D4BF-A838-40B5-B022-FF99CA0A93E2}.No_Orcl|x64.Build.0 = Release|x64
		{EDE1D4BF-A838-40B5-B022-FF99CA0A93E2}.No_Orcl|x86.ActiveCfg = Release|Win32
		{EDE1D4BF-A838-40B5-B022-FF99CA0A93E2}.No_Orcl|x86.Build.0 = Release|Win32
		{EDE1D4BF-A838-40B5-B022-FF99CA0A93E2}.Release|x64.ActiveCfg = Release|x64
		{EDE1D4BF-A838-40B5-B022-FF99CA0A93E2}.Release|x64.Build.0 = Release|x64
		{EDE1D4BF-A838-40B5-B022-FF99CA0A93E2}.Release|x86.ActiveCfg = Release|Win32
		{EDE1D4BF-A838-40B5-B022-FF99CA0A93E2}.Release|x86.Build.0 = Release|Win32
		{4579EEB8-1D8C-40D7-9641-1F78E9DDD32E}.Debug|x64.ActiveCfg = Debug|x64
		{4579EEB8-1D8C-40D7-9641-1F78E9DDD32E}.Debug|x64.Build.0 = Debug|x64
		{4579EEB8-1D8C-40D7-9641-1F78E9DDD32E}.Debug|x86.ActiveCfg = Debug|x64
		{4579EEB8-1D8C-40D7-9641-1F78E9DDD32E}.No_Orcl|x64.ActiveCfg = Release|x64
		{4579EEB8-1D8C-40D7-9641-1F78E9DDD32E}.No_Orcl|x64.Build.0 = Release|x64
		{4579EEB8-1D8C-40D7-9641-1F78E9DDD32E}.No_Orcl|x86.ActiveCfg = Release|x64
		{4579EEB8-1D8C-40D7-9641-1F78E9DDD32E}.No_Orcl|x86.Build.0 = Release|x64
		{4579EEB8-1D8C-40D7-9641-1F78E9DDD32E}.Release|x64.ActiveCfg = Release|x64
		{4579EEB8-1D8C-40D7-9641-1F78E9DDD32E}.Release|x64.Build.0 = Release|x64
		{4579EEB8-1D8C-40D7-9641-1F78E9DDD32E}.Release|x86.ActiveCfg = Release|x64
		{DD0F0A37-4355-417A-B021-FDDC57924F54}.Debug|x64.ActiveCfg = Debug|x64
		{DD0F0A37-4355-417A-B021-FDDC57924F54}.Debug|x64.Build.0 = Debug|x64
		{DD0F0A37-4355-417A-B021-FDDC57924F54}.Debug|x86.ActiveCfg = Debug|Win32
		{DD0F0A37-4355-417A-B021-FDDC57924F54}.Debug|x86.Build.0 = Debug|Win32
		{DD0F0A37-4355-417A-B021-FDDC57924F54}.No_Orcl|x64.ActiveCfg = No_Orcl|x64
		{DD0F0A37-4355-417A-B021-FDDC57924F54}.No_Orcl|x64.Build.0 = No_Orcl|x64
		{DD0F0A37-4355-417A-B021-FDDC57924F54}.No_Orcl|x86.ActiveCfg = No_Orcl|Win32
		{DD0F0A37-4355-417A-B021-FDDC57924F54}.No_Orcl|x86.Build.0 = No_Orcl|Win32
		{DD0F0A37-4355-417A-B021-FDDC57924F54}.Release|x64.ActiveCfg = Release|x64
		{DD0F0A37-4355-417A-B021-FDDC57924F54}.Release|x64.Build.0 = Release|x64
		{DD0F0A37-4355-417A-B021-FDDC57924F54}.Release|x86.ActiveCfg = Release|Win32
		{DD0F0A37-4355-417A-B021-FDDC57924F54}.Release|x86.Build.0 = Release|Win32
		{2FA796DB-3BDD-4EBB-8CE1-8E165395264A}.Debug|x64.ActiveCfg = Debug|x64
		{2FA796DB-3BDD-4EBB-8CE1-8E165395264A}.Debug|x64.Build.0 = Debug|x64
		{2FA796DB-3BDD-4EBB-8CE1-8E165395264A}.Debug|x86.ActiveCfg = Debug|Win32
		{2FA796DB-3BDD-4EBB-8CE1-8E165395264A}.Debug|x86.Build.0 = Debug|Win32
		{2FA796DB-3BDD-4EBB-8CE1-8E165395264A}.No_Orcl|x64.ActiveCfg = Release|x64
		{2FA796DB-3BDD-4EBB-8CE1-8E165395264A}.No_Orcl|x64.Build.0 = Release|x64
		{2FA796DB-3BDD-4EBB-8CE1-8E165395264A}.No_Orcl|x86.ActiveCfg = Release|Win32
		{2FA796DB-3BDD-4EBB-8CE1-8E165395264A}.No_Orcl|x86.Build.0 = Release|Win32
		{2FA796DB-3BDD-4EBB-8CE1-8E165395264A}.Release|x64.ActiveCfg = Release|x64
		{2FA796DB-3BDD-4EBB-8CE1-8E165395264A}.Release|x64.Build.0 = Release|x64
		{2FA796DB-3BDD-4EBB-8CE1-8E165395264A}.Release|x86.ActiveCfg = Release|Win32
		{2FA796DB-3BDD-4EBB-8CE1-8E165395264A}.Release|x86.Build.0 = Release|Win32
	EndGlobalSection
	GlobalSection(SolutionProperties) = preSolution
		HideSolutionNode = FALSE
	EndGlobalSection
EndGlobal
